// !$*UTF8*$!
{
	archiveVersion = 1;
	classes = {
	};
	objectVersion = 60;
	objects = {

/* Begin PBXBuildFile section */
		0090DB81F0C449F5DAEA7415 /* PrivacyInfo.xcprivacy in Resources */ = {isa = PBXBuildFile; fileRef = 15E67A736326BFE527E3EB37 /* PrivacyInfo.xcprivacy */; };
		054B03F7C81EADB487A1154C /* Assets.xcassets in Resources */ = {isa = PBXBuildFile; fileRef = F96E61A8B66AF76DA613C0B2 /* Assets.xcassets */; };
		0E35F6C27EE920341EBEB406 /* ThemeMetrics.swift in Sources */ = {isa = PBXBuildFile; fileRef = 4B92C4F125FFF3776B16E8C4 /* ThemeMetrics.swift */; };
		0E46AD927EC2465197CBE2A2 /* AppDelegate.swift in Sources */ = {isa = PBXBuildFile; fileRef = 4790CC5ABCF3357971CB81AF /* AppDelegate.swift */; };
		119FAAD3D0EBC793F75AD53D /* MeasureInputPanel.swift in Sources */ = {isa = PBXBuildFile; fileRef = FB34420C0D344CBDB26F73DC /* MeasureInputPanel.swift */; };
		16648154A78413E3B96910C9 /* WindChillEntry.swift in Sources */ = {isa = PBXBuildFile; fileRef = 584BA76ADC0B8C35D63F2BE6 /* WindChillEntry.swift */; };
		219046327A4655B5612A614D /* SceneDelegate.swift in Sources */ = {isa = PBXBuildFile; fileRef = 5B5FC7A3CE0B0FDDEF393277 /* SceneDelegate.swift */; };
		23707E31C24BD48A7FE71E75 /* ExtremeWarningCard.swift in Sources */ = {isa = PBXBuildFile; fileRef = 2D5A7DBD28E81CDAB7A45D51 /* ExtremeWarningCard.swift */; };
		2FFC186FDA5EA4AF22B7A2D2 /* EntryPickerSheet.swift in Sources */ = {isa = PBXBuildFile; fileRef = A4DDE4088E231B0470E0E768 /* EntryPickerSheet.swift */; };
		37E1AB64A5CED01DCB6DADEA /* InputLimits.swift in Sources */ = {isa = PBXBuildFile; fileRef = 721824967DC879AEE9B57823 /* InputLimits.swift */; };
		40BE12F34267923B753C5740 /* ContentView.swift in Sources */ = {isa = PBXBuildFile; fileRef = D06118CB57CDA19EF0B58A40 /* ContentView.swift */; };
		4368050258E51835F74E1A9E /* MeasureView.swift in Sources */ = {isa = PBXBuildFile; fileRef = 8CF1BF666F8BAFF650299903 /* MeasureView.swift */; };
		455D481F27E908B10F0926BE /* ContrastView.swift in Sources */ = {isa = PBXBuildFile; fileRef = 277649FFE4FA6926FB96E00F /* ContrastView.swift */; };
		47D58ABBEB19828C232B4E2B /* SettingsView.swift in Sources */ = {isa = PBXBuildFile; fileRef = 3239B4A547526DFC4E2978FD /* SettingsView.swift */; };
		5554D08EBA1779A8AE1D52B9 /* RecentTickStrip.swift in Sources */ = {isa = PBXBuildFile; fileRef = 44435ADFB63B38D4CAFA3789 /* RecentTickStrip.swift */; };
		55D4647362B76450591251A6 /* ChillComparison.swift in Sources */ = {isa = PBXBuildFile; fileRef = B5AFE50512EAF37C262C95C2 /* ChillComparison.swift */; };
		6456E42F18DFB69477F96F48 /* InstrumentPlate.swift in Sources */ = {isa = PBXBuildFile; fileRef = 294C86D7DA081B3BFC1760F5 /* InstrumentPlate.swift */; };
		6487A7B1AE9E4551674BA1E0 /* LogView.swift in Sources */ = {isa = PBXBuildFile; fileRef = A5F4C071101F8720F5033E7F /* LogView.swift */; };
		6B4B79DF54C625410A1E4160 /* RatePrompt.swift in Sources */ = {isa = PBXBuildFile; fileRef = 5636B10F6823E10FC6026D46 /* RatePrompt.swift */; };
		6B555659C0CBBBCBB5420100 /* TrailBanner.swift in Sources */ = {isa = PBXBuildFile; fileRef = 5EE8362939F8E8A7F2549E31 /* TrailBanner.swift */; };
		706217C5952711272297370D /* Main.storyboard in Resources */ = {isa = PBXBuildFile; fileRef = 846C49A84BE4BF9541DE368C /* Main.storyboard */; };
		7C18E4A91F2B4D6E8A0C1D40 /* KeyboardDismiss.swift in Sources */ = {isa = PBXBuildFile; fileRef = 7C18E4A91F2B4D6E8A0C1D3F /* KeyboardDismiss.swift */; };
		84933CD73CFDD4DA35D7341F /* LogEntryRow.swift in Sources */ = {isa = PBXBuildFile; fileRef = 44640BB0EB8FAADE9CAE1705 /* LogEntryRow.swift */; };
		8E97A45EDB46EE1378090A96 /* ChillGaugeView.swift in Sources */ = {isa = PBXBuildFile; fileRef = 8BFBB69CD0AD490F52AB2F1C /* ChillGaugeView.swift */; };
		920BB7476374986C57172B0B /* MainSection.swift in Sources */ = {isa = PBXBuildFile; fileRef = B58C2BF198E995699FD1C5D1 /* MainSection.swift */; };
		9A46FB8EE911857E9B8C064F /* ClothingAdvice.swift in Sources */ = {isa = PBXBuildFile; fileRef = D0E079BD865ACD24898E7F67 /* ClothingAdvice.swift */; };
		A1CHILLNOTIFY000000000001 /* ChillNotificationCenter.swift in Sources */ = {isa = PBXBuildFile; fileRef = A1CHILLNOTIFY000000000002 /* ChillNotificationCenter.swift */; };
		A1EXPTIMER000000000000001 /* ExposureTimerCard.swift in Sources */ = {isa = PBXBuildFile; fileRef = A1EXPTIMER000000000000002 /* ExposureTimerCard.swift */; };
		A1LIVEWCARD00000000000001 /* LiveWeatherCard.swift in Sources */ = {isa = PBXBuildFile; fileRef = A1LIVEWCARD00000000000002 /* LiveWeatherCard.swift */; };
		A1LIVEWEATHER000000000001 /* LiveWeatherService.swift in Sources */ = {isa = PBXBuildFile; fileRef = A1LIVEWEATHER000000000002 /* LiveWeatherService.swift */; };
		A1ONBOARDVIEW000000000001 /* OnboardingView.swift in Sources */ = {isa = PBXBuildFile; fileRef = A1ONBOARDVIEW000000000002 /* OnboardingView.swift */; };
		A1TRIPSHARE00000000000001 /* TripShareCard.swift in Sources */ = {isa = PBXBuildFile; fileRef = A1TRIPSHARE00000000000002 /* TripShareCard.swift */; };
		A30AB00A3F1062564FDA9E78 /* SafeParse.swift in Sources */ = {isa = PBXBuildFile; fileRef = D0AABE0813C02C49DABC06D0 /* SafeParse.swift */; };
		B4C8EF2E3FADBA926EB22B28 /* UnitBridge.swift in Sources */ = {isa = PBXBuildFile; fileRef = 8CDE0E82C80B9297037FE39D /* UnitBridge.swift */; };
		B5D92F18C3EA507B2F6D4C01 /* FieldOptions.swift in Sources */ = {isa = PBXBuildFile; fileRef = A4C81E07B2D94F6A1E5C3B90 /* FieldOptions.swift */; };
		BE5E4842D8D5A739013DE1B8 /* AppLinks.swift in Sources */ = {isa = PBXBuildFile; fileRef = 5709AB97C1C73AAC9DC2948B /* AppLinks.swift */; };
		C01327B2440E5A83850C5A92 /* ChillStore.swift in Sources */ = {isa = PBXBuildFile; fileRef = E52A7D94E6CAD5245A49A185 /* ChillStore.swift */; };
		C64B1E4862C2ABF0464CE673 /* LogEditSheet.swift in Sources */ = {isa = PBXBuildFile; fileRef = 74F699E3C62DA40A121F50DD /* LogEditSheet.swift */; };
		C7B90E24A1D56F83C2E4B01A /* StatsView.swift in Sources */ = {isa = PBXBuildFile; fileRef = 8D14A6C0B3E79251F4A8C167 /* StatsView.swift */; };
		CCFC4CBB72795FC632E859A2 /* BrassAction.swift in Sources */ = {isa = PBXBuildFile; fileRef = 267F0C877DDA6A2BC7BACA5D /* BrassAction.swift */; };
		D7A9D9493EE09C71BB774275 /* LaunchScreen.storyboard in Resources */ = {isa = PBXBuildFile; fileRef = 2F3A9D661296110BBD5A21E2 /* LaunchScreen.storyboard */; };
		D7F14B3AE506729D4B8F6E23 /* FrostbiteRisk.swift in Sources */ = {isa = PBXBuildFile; fileRef = C6E03A29D4FB618C3A7E5D12 /* FrostbiteRisk.swift */; };
		DB3DDFD32FC7675B929FC1C0 /* Palette.swift in Sources */ = {isa = PBXBuildFile; fileRef = 65218A2DC58D9FF3CFA4746B /* Palette.swift */; };
		DF3A051821EE72F84DDC4D15 /* DialField.swift in Sources */ = {isa = PBXBuildFile; fileRef = 6E7C247AAB89D28A20D7DC89 /* DialField.swift */; };
		E569F91154B48763A5B3FCE5 /* ContrastResultPanel.swift in Sources */ = {isa = PBXBuildFile; fileRef = 921F505068CD2A1CC8FD936D /* ContrastResultPanel.swift */; };
		EEF7721EA737CD46D2C73D1B /* DefaultsKeys.swift in Sources */ = {isa = PBXBuildFile; fileRef = C58D1AFC5288D2F52FA9342D /* DefaultsKeys.swift */; };
		F333AE6B02BA80FE991A13A5 /* DateStamp.swift in Sources */ = {isa = PBXBuildFile; fileRef = C786BCB29B09FF511CC6F9B7 /* DateStamp.swift */; };
		F40F91E2B0301B29456085EA /* WindChillMath.swift in Sources */ = {isa = PBXBuildFile; fileRef = 8C7BC63E8621C6274DF0FF9A /* WindChillMath.swift */; };
		F55544B9F61CD71F25A0918E /* PreferredUnits.swift in Sources */ = {isa = PBXBuildFile; fileRef = 5FB402095980B153790D9407 /* PreferredUnits.swift */; };
		F5BF3DCFB541E9DD45EC4471 /* RidgeBackdrop.swift in Sources */ = {isa = PBXBuildFile; fileRef = 04A5FE61C95E9E71F7C38732 /* RidgeBackdrop.swift */; };
		F7D6F3815E1A95FBE549895A /* SegmentRail.swift in Sources */ = {isa = PBXBuildFile; fileRef = BF24E3F6A1DCFCE08ABD5825 /* SegmentRail.swift */; };
/* End PBXBuildFile section */

/* Begin PBXFileReference section */
		04A5FE61C95E9E71F7C38732 /* RidgeBackdrop.swift */ = {isa = PBXFileReference; lastKnownFileType = sourcecode.swift; path = RidgeBackdrop.swift; sourceTree = "<group>"; };
		15E67A736326BFE527E3EB37 /* PrivacyInfo.xcprivacy */ = {isa = PBXFileReference; lastKnownFileType = text.xml; path = PrivacyInfo.xcprivacy; sourceTree = "<group>"; };
		1B6C1533AFCB0B6196879817 /* Info.plist */ = {isa = PBXFileReference; lastKnownFileType = text.plist.xml; path = Info.plist; sourceTree = "<group>"; };
		267F0C877DDA6A2BC7BACA5D /* BrassAction.swift */ = {isa = PBXFileReference; lastKnownFileType = sourcecode.swift; path = BrassAction.swift; sourceTree = "<group>"; };
		277649FFE4FA6926FB96E00F /* ContrastView.swift */ = {isa = PBXFileReference; lastKnownFileType = sourcecode.swift; path = ContrastView.swift; sourceTree = "<group>"; };
		294C86D7DA081B3BFC1760F5 /* InstrumentPlate.swift */ = {isa = PBXFileReference; lastKnownFileType = sourcecode.swift; path = InstrumentPlate.swift; sourceTree = "<group>"; };
		2D5A7DBD28E81CDAB7A45D51 /* ExtremeWarningCard.swift */ = {isa = PBXFileReference; lastKnownFileType = sourcecode.swift; path = ExtremeWarningCard.swift; sourceTree = "<group>"; };
		2F3A9D661296110BBD5A21E2 /* LaunchScreen.storyboard */ = {isa = PBXFileReference; lastKnownFileType = file.storyboard; path = LaunchScreen.storyboard; sourceTree = "<group>"; };
		3239B4A547526DFC4E2978FD /* SettingsView.swift */ = {isa = PBXFileReference; lastKnownFileType = sourcecode.swift; path = SettingsView.swift; sourceTree = "<group>"; };
		44435ADFB63B38D4CAFA3789 /* RecentTickStrip.swift */ = {isa = PBXFileReference; lastKnownFileType = sourcecode.swift; path = RecentTickStrip.swift; sourceTree = "<group>"; };
		44640BB0EB8FAADE9CAE1705 /* LogEntryRow.swift */ = {isa = PBXFileReference; lastKnownFileType = sourcecode.swift; path = LogEntryRow.swift; sourceTree = "<group>"; };
		4790CC5ABCF3357971CB81AF /* AppDelegate.swift */ = {isa = PBXFileReference; lastKnownFileType = sourcecode.swift; path = AppDelegate.swift; sourceTree = "<group>"; };
		4B92C4F125FFF3776B16E8C4 /* ThemeMetrics.swift */ = {isa = PBXFileReference; lastKnownFileType = sourcecode.swift; path = ThemeMetrics.swift; sourceTree = "<group>"; };
		5636B10F6823E10FC6026D46 /* RatePrompt.swift */ = {isa = PBXFileReference; lastKnownFileType = sourcecode.swift; path = RatePrompt.swift; sourceTree = "<group>"; };
		5709AB97C1C73AAC9DC2948B /* AppLinks.swift */ = {isa = PBXFileReference; lastKnownFileType = sourcecode.swift; path = AppLinks.swift; sourceTree = "<group>"; };
		584BA76ADC0B8C35D63F2BE6 /* WindChillEntry.swift */ = {isa = PBXFileReference; lastKnownFileType = sourcecode.swift; path = WindChillEntry.swift; sourceTree = "<group>"; };
		5B5FC7A3CE0B0FDDEF393277 /* SceneDelegate.swift */ = {isa = PBXFileReference; lastKnownFileType = sourcecode.swift; path = SceneDelegate.swift; sourceTree = "<group>"; };
		5EE8362939F8E8A7F2549E31 /* TrailBanner.swift */ = {isa = PBXFileReference; lastKnownFileType = sourcecode.swift; path = TrailBanner.swift; sourceTree = "<group>"; };
		5FB402095980B153790D9407 /* PreferredUnits.swift */ = {isa = PBXFileReference; lastKnownFileType = sourcecode.swift; path = PreferredUnits.swift; sourceTree = "<group>"; };
		65218A2DC58D9FF3CFA4746B /* Palette.swift */ = {isa = PBXFileReference; lastKnownFileType = sourcecode.swift; path = Palette.swift; sourceTree = "<group>"; };
		6E7C247AAB89D28A20D7DC89 /* DialField.swift */ = {isa = PBXFileReference; lastKnownFileType = sourcecode.swift; path = DialField.swift; sourceTree = "<group>"; };
		721824967DC879AEE9B57823 /* InputLimits.swift */ = {isa = PBXFileReference; lastKnownFileType = sourcecode.swift; path = InputLimits.swift; sourceTree = "<group>"; };
		74F699E3C62DA40A121F50DD /* LogEditSheet.swift */ = {isa = PBXFileReference; lastKnownFileType = sourcecode.swift; path = LogEditSheet.swift; sourceTree = "<group>"; };
		7C18E4A91F2B4D6E8A0C1D3F /* KeyboardDismiss.swift */ = {isa = PBXFileReference; lastKnownFileType = sourcecode.swift; path = KeyboardDismiss.swift; sourceTree = "<group>"; };
		846C49A84BE4BF9541DE368C /* Main.storyboard */ = {isa = PBXFileReference; lastKnownFileType = file.storyboard; path = Main.storyboard; sourceTree = "<group>"; };
		8BFBB69CD0AD490F52AB2F1C /* ChillGaugeView.swift */ = {isa = PBXFileReference; lastKnownFileType = sourcecode.swift; path = ChillGaugeView.swift; sourceTree = "<group>"; };
		8C7BC63E8621C6274DF0FF9A /* WindChillMath.swift */ = {isa = PBXFileReference; lastKnownFileType = sourcecode.swift; path = WindChillMath.swift; sourceTree = "<group>"; };
		8CDE0E82C80B9297037FE39D /* UnitBridge.swift */ = {isa = PBXFileReference; lastKnownFileType = sourcecode.swift; path = UnitBridge.swift; sourceTree = "<group>"; };
		8CF1BF666F8BAFF650299903 /* MeasureView.swift */ = {isa = PBXFileReference; lastKnownFileType = sourcecode.swift; path = MeasureView.swift; sourceTree = "<group>"; };
		8D14A6C0B3E79251F4A8C167 /* StatsView.swift */ = {isa = PBXFileReference; lastKnownFileType = sourcecode.swift; path = StatsView.swift; sourceTree = "<group>"; };
		921F505068CD2A1CC8FD936D /* ContrastResultPanel.swift */ = {isa = PBXFileReference; lastKnownFileType = sourcecode.swift; path = ContrastResultPanel.swift; sourceTree = "<group>"; };
		93C1C08693E6D0D9234D52B8 /* 349NexaviewWeatherGuide.app */ = {isa = PBXFileReference; explicitFileType = wrapper.application; includeInIndex = 0; path = 349NexaviewWeatherGuide.app; sourceTree = BUILT_PRODUCTS_DIR; };
		A1CHILLNOTIFY000000000002 /* ChillNotificationCenter.swift */ = {isa = PBXFileReference; lastKnownFileType = sourcecode.swift; path = ChillNotificationCenter.swift; sourceTree = "<group>"; };
		A1EXPTIMER000000000000002 /* ExposureTimerCard.swift */ = {isa = PBXFileReference; lastKnownFileType = sourcecode.swift; path = ExposureTimerCard.swift; sourceTree = "<group>"; };
		A1LIVEWCARD00000000000002 /* LiveWeatherCard.swift */ = {isa = PBXFileReference; lastKnownFileType = sourcecode.swift; path = LiveWeatherCard.swift; sourceTree = "<group>"; };
		A1LIVEWEATHER000000000002 /* LiveWeatherService.swift */ = {isa = PBXFileReference; lastKnownFileType = sourcecode.swift; path = LiveWeatherService.swift; sourceTree = "<group>"; };
		A1ONBOARDVIEW000000000002 /* OnboardingView.swift */ = {isa = PBXFileReference; lastKnownFileType = sourcecode.swift; path = OnboardingView.swift; sourceTree = "<group>"; };
		A1TRIPSHARE00000000000002 /* TripShareCard.swift */ = {isa = PBXFileReference; lastKnownFileType = sourcecode.swift; path = TripShareCard.swift; sourceTree = "<group>"; };
		A4C81E07B2D94F6A1E5C3B90 /* FieldOptions.swift */ = {isa = PBXFileReference; lastKnownFileType = sourcecode.swift; path = FieldOptions.swift; sourceTree = "<group>"; };
		A4DDE4088E231B0470E0E768 /* EntryPickerSheet.swift */ = {isa = PBXFileReference; lastKnownFileType = sourcecode.swift; path = EntryPickerSheet.swift; sourceTree = "<group>"; };
		A5F4C071101F8720F5033E7F /* LogView.swift */ = {isa = PBXFileReference; lastKnownFileType = sourcecode.swift; path = LogView.swift; sourceTree = "<group>"; };
		B58C2BF198E995699FD1C5D1 /* MainSection.swift */ = {isa = PBXFileReference; lastKnownFileType = sourcecode.swift; path = MainSection.swift; sourceTree = "<group>"; };
		B5AFE50512EAF37C262C95C2 /* ChillComparison.swift */ = {isa = PBXFileReference; lastKnownFileType = sourcecode.swift; path = ChillComparison.swift; sourceTree = "<group>"; };
		BF24E3F6A1DCFCE08ABD5825 /* SegmentRail.swift */ = {isa = PBXFileReference; lastKnownFileType = sourcecode.swift; path = SegmentRail.swift; sourceTree = "<group>"; };
		C58D1AFC5288D2F52FA9342D /* DefaultsKeys.swift */ = {isa = PBXFileReference; lastKnownFileType = sourcecode.swift; path = DefaultsKeys.swift; sourceTree = "<group>"; };
		C6E03A29D4FB618C3A7E5D12 /* FrostbiteRisk.swift */ = {isa = PBXFileReference; lastKnownFileType = sourcecode.swift; path = FrostbiteRisk.swift; sourceTree = "<group>"; };
		C786BCB29B09FF511CC6F9B7 /* DateStamp.swift */ = {isa = PBXFileReference; lastKnownFileType = sourcecode.swift; path = DateStamp.swift; sourceTree = "<group>"; };
		D06118CB57CDA19EF0B58A40 /* ContentView.swift */ = {isa = PBXFileReference; lastKnownFileType = sourcecode.swift; path = ContentView.swift; sourceTree = "<group>"; };
		D0AABE0813C02C49DABC06D0 /* SafeParse.swift */ = {isa = PBXFileReference; lastKnownFileType = sourcecode.swift; path = SafeParse.swift; sourceTree = "<group>"; };
		D0E079BD865ACD24898E7F67 /* ClothingAdvice.swift */ = {isa = PBXFileReference; lastKnownFileType = sourcecode.swift; path = ClothingAdvice.swift; sourceTree = "<group>"; };
		E52A7D94E6CAD5245A49A185 /* ChillStore.swift */ = {isa = PBXFileReference; lastKnownFileType = sourcecode.swift; path = ChillStore.swift; sourceTree = "<group>"; };
		F96E61A8B66AF76DA613C0B2 /* Assets.xcassets */ = {isa = PBXFileReference; lastKnownFileType = folder.assetcatalog; path = Assets.xcassets; sourceTree = "<group>"; };
		FB34420C0D344CBDB26F73DC /* MeasureInputPanel.swift */ = {isa = PBXFileReference; lastKnownFileType = sourcecode.swift; path = MeasureInputPanel.swift; sourceTree = "<group>"; };
/* End PBXFileReference section */

/* Begin PBXFrameworksBuildPhase section */
		308B41A46BEA92C3C9B914D0 /* Frameworks */ = {
			isa = PBXFrameworksBuildPhase;
			buildActionMask = 2147483647;
			files = (
			);
			runOnlyForDeploymentPostprocessing = 0;
		};
/* End PBXFrameworksBuildPhase section */

/* Begin PBXGroup section */
		121ACF884FAF10B85471547B /* Models */ = {
			isa = PBXGroup;
			children = (
				B5AFE50512EAF37C262C95C2 /* ChillComparison.swift */,
				A4C81E07B2D94F6A1E5C3B90 /* FieldOptions.swift */,
				B58C2BF198E995699FD1C5D1 /* MainSection.swift */,
				5FB402095980B153790D9407 /* PreferredUnits.swift */,
				584BA76ADC0B8C35D63F2BE6 /* WindChillEntry.swift */,
			);
			path = Models;
			sourceTree = "<group>";
		};
		1E48BBFE3DDCB7F44A5342D2 /* Persistence */ = {
			isa = PBXGroup;
			children = (
				E52A7D94E6CAD5245A49A185 /* ChillStore.swift */,
				C58D1AFC5288D2F52FA9342D /* DefaultsKeys.swift */,
			);
			path = Persistence;
			sourceTree = "<group>";
		};
		20A2F02290C107BE51CC6C1A /* 349NexaviewWeatherGuide */ = {
			isa = PBXGroup;
			children = (
				9CC0A6AB95949BF97571AC2E /* App */,
				121ACF884FAF10B85471547B /* Models */,
				1E48BBFE3DDCB7F44A5342D2 /* Persistence */,
				AC634375340A86602260687A /* Resources */,
				C826B781CDB825EA544FD7B9 /* Theme */,
				71E08BD71CB2BC49135499FE /* Utilities */,
				CD9A4ED4B94140C3D8B5E564 /* Views */,
			);
			path = 349NexaviewWeatherGuide;
			sourceTree = "<group>";
		};
		28D6D9F0F0915C9492BBF747 = {
			isa = PBXGroup;
			children = (
				20A2F02290C107BE51CC6C1A /* 349NexaviewWeatherGuide */,
				C2040F4162951FAAA40ECB19 /* Products */,
			);
			sourceTree = "<group>";
		};
		322B68C63B0B0A8A77955EFC /* Calculator */ = {
			isa = PBXGroup;
			children = (
				8BFBB69CD0AD490F52AB2F1C /* ChillGaugeView.swift */,
				A1EXPTIMER000000000000002 /* ExposureTimerCard.swift */,
				A1LIVEWCARD00000000000002 /* LiveWeatherCard.swift */,
				FB34420C0D344CBDB26F73DC /* MeasureInputPanel.swift */,
				8CF1BF666F8BAFF650299903 /* MeasureView.swift */,
				44435ADFB63B38D4CAFA3789 /* RecentTickStrip.swift */,
			);
			path = Calculator;
			sourceTree = "<group>";
		};
		3FBE19681D3742264EB0A007 /* Components */ = {
			isa = PBXGroup;
			children = (
				267F0C877DDA6A2BC7BACA5D /* BrassAction.swift */,
				6E7C247AAB89D28A20D7DC89 /* DialField.swift */,
				2D5A7DBD28E81CDAB7A45D51 /* ExtremeWarningCard.swift */,
				294C86D7DA081B3BFC1760F5 /* InstrumentPlate.swift */,
				04A5FE61C95E9E71F7C38732 /* RidgeBackdrop.swift */,
				BF24E3F6A1DCFCE08ABD5825 /* SegmentRail.swift */,
				5EE8362939F8E8A7F2549E31 /* TrailBanner.swift */,
				A1TRIPSHARE00000000000002 /* TripShareCard.swift */,
			);
			path = Components;
			sourceTree = "<group>";
		};
		71E08BD71CB2BC49135499FE /* Utilities */ = {
			isa = PBXGroup;
			children = (
				5709AB97C1C73AAC9DC2948B /* AppLinks.swift */,
				A1CHILLNOTIFY000000000002 /* ChillNotificationCenter.swift */,
				D0E079BD865ACD24898E7F67 /* ClothingAdvice.swift */,
				C786BCB29B09FF511CC6F9B7 /* DateStamp.swift */,
				721824967DC879AEE9B57823 /* InputLimits.swift */,
				A1LIVEWEATHER000000000002 /* LiveWeatherService.swift */,
				5636B10F6823E10FC6026D46 /* RatePrompt.swift */,
				D0AABE0813C02C49DABC06D0 /* SafeParse.swift */,
				C6E03A29D4FB618C3A7E5D12 /* FrostbiteRisk.swift */,
				8CDE0E82C80B9297037FE39D /* UnitBridge.swift */,
				8C7BC63E8621C6274DF0FF9A /* WindChillMath.swift */,
				7C18E4A91F2B4D6E8A0C1D3F /* KeyboardDismiss.swift */,
			);
			path = Utilities;
			sourceTree = "<group>";
		};
		9CC0A6AB95949BF97571AC2E /* App */ = {
			isa = PBXGroup;
			children = (
				4790CC5ABCF3357971CB81AF /* AppDelegate.swift */,
				1B6C1533AFCB0B6196879817 /* Info.plist */,
				2F3A9D661296110BBD5A21E2 /* LaunchScreen.storyboard */,
				846C49A84BE4BF9541DE368C /* Main.storyboard */,
				5B5FC7A3CE0B0FDDEF393277 /* SceneDelegate.swift */,
			);
			path = App;
			sourceTree = "<group>";
		};
		A1ONBOARDGRP0000000000001 /* Onboarding */ = {
			isa = PBXGroup;
			children = (
				A1ONBOARDVIEW000000000002 /* OnboardingView.swift */,
			);
			path = Onboarding;
			sourceTree = "<group>";
		};
		A40AABAD889A4AC26071B0CA /* Compare */ = {
			isa = PBXGroup;
			children = (
				921F505068CD2A1CC8FD936D /* ContrastResultPanel.swift */,
				277649FFE4FA6926FB96E00F /* ContrastView.swift */,
				A4DDE4088E231B0470E0E768 /* EntryPickerSheet.swift */,
			);
			path = Compare;
			sourceTree = "<group>";
		};
		AC634375340A86602260687A /* Resources */ = {
			isa = PBXGroup;
			children = (
				F96E61A8B66AF76DA613C0B2 /* Assets.xcassets */,
				15E67A736326BFE527E3EB37 /* PrivacyInfo.xcprivacy */,
			);
			path = Resources;
			sourceTree = "<group>";
		};
		BD1EC13E2791420E198CCC36 /* History */ = {
			isa = PBXGroup;
			children = (
				74F699E3C62DA40A121F50DD /* LogEditSheet.swift */,
				44640BB0EB8FAADE9CAE1705 /* LogEntryRow.swift */,
				A5F4C071101F8720F5033E7F /* LogView.swift */,
			);
			path = History;
			sourceTree = "<group>";
		};
		BD4E8A17C2F3906B5A1D4E82 /* Stats */ = {
			isa = PBXGroup;
			children = (
				8D14A6C0B3E79251F4A8C167 /* StatsView.swift */,
			);
			path = Stats;
			sourceTree = "<group>";
		};
		C2040F4162951FAAA40ECB19 /* Products */ = {
			isa = PBXGroup;
			children = (
				93C1C08693E6D0D9234D52B8 /* 349NexaviewWeatherGuide.app */,
			);
			name = Products;
			sourceTree = "<group>";
		};
		C826B781CDB825EA544FD7B9 /* Theme */ = {
			isa = PBXGroup;
			children = (
				65218A2DC58D9FF3CFA4746B /* Palette.swift */,
				4B92C4F125FFF3776B16E8C4 /* ThemeMetrics.swift */,
			);
			path = Theme;
			sourceTree = "<group>";
		};
		CD9A4ED4B94140C3D8B5E564 /* Views */ = {
			isa = PBXGroup;
			children = (
				322B68C63B0B0A8A77955EFC /* Calculator */,
				A40AABAD889A4AC26071B0CA /* Compare */,
				3FBE19681D3742264EB0A007 /* Components */,
				D06118CB57CDA19EF0B58A40 /* ContentView.swift */,
				BD1EC13E2791420E198CCC36 /* History */,
				A1ONBOARDGRP0000000000001 /* Onboarding */,
				DFEE70731519176B380780D4 /* Settings */,
				BD4E8A17C2F3906B5A1D4E82 /* Stats */,
			);
			path = Views;
			sourceTree = "<group>";
		};
		DFEE70731519176B380780D4 /* Settings */ = {
			isa = PBXGroup;
			children = (
				3239B4A547526DFC4E2978FD /* SettingsView.swift */,
			);
			path = Settings;
			sourceTree = "<group>";
		};
/* End PBXGroup section */

/* Begin PBXNativeTarget section */
		D33453F1A57E3A6B19E5348A /* 349NexaviewWeatherGuide */ = {
			isa = PBXNativeTarget;
			buildConfigurationList = 39DBEC78358C900AFCC4C4FB /* Build configuration list for PBXNativeTarget "349NexaviewWeatherGuide" */;
			buildPhases = (
				D7FB964FC56E5275C99733FF /* Sources */,
				308B41A46BEA92C3C9B914D0 /* Frameworks */,
				0528E8AB2FA69B0D43497B44 /* Resources */,
			);
			buildRules = (
			);
			dependencies = (
			);
			name = 349NexaviewWeatherGuide;
			productName = 349NexaviewWeatherGuide;
			productReference = 93C1C08693E6D0D9234D52B8 /* 349NexaviewWeatherGuide.app */;
			productType = "com.apple.product-type.application";
		};
/* End PBXNativeTarget section */

/* Begin PBXProject section */
		D771692A713218302BE58460 /* Project object */ = {
			isa = PBXProject;
			attributes = {
				BuildIndependentTargetsInParallel = 1;
				LastSwiftUpdateCheck = 1500;
				LastUpgradeCheck = 1500;
				TargetAttributes = {
					D33453F1A57E3A6B19E5348A = {
						CreatedOnToolsVersion = 15.0;
					};
				};
			};
			buildConfigurationList = FD975B98000E6D9D44B49624 /* Build configuration list for PBXProject "349NexaviewWeatherGuide" */;
			compatibilityVersion = "Xcode 15.0";
			developmentRegion = en;
			hasScannedForEncodings = 0;
			knownRegions = (
				en,
				Base,
			);
			mainGroup = 28D6D9F0F0915C9492BBF747;
			productRefGroup = C2040F4162951FAAA40ECB19 /* Products */;
			projectDirPath = "";
			projectRoot = "";
			targets = (
				D33453F1A57E3A6B19E5348A /* 349NexaviewWeatherGuide */,
			);
		};
/* End PBXProject section */

/* Begin PBXResourcesBuildPhase section */
		0528E8AB2FA69B0D43497B44 /* Resources */ = {
			isa = PBXResourcesBuildPhase;
			buildActionMask = 2147483647;
			files = (
				D7A9D9493EE09C71BB774275 /* LaunchScreen.storyboard in Resources */,
				706217C5952711272297370D /* Main.storyboard in Resources */,
				054B03F7C81EADB487A1154C /* Assets.xcassets in Resources */,
				0090DB81F0C449F5DAEA7415 /* PrivacyInfo.xcprivacy in Resources */,
			);
			runOnlyForDeploymentPostprocessing = 0;
		};
/* End PBXResourcesBuildPhase section */

/* Begin PBXSourcesBuildPhase section */
		D7FB964FC56E5275C99733FF /* Sources */ = {
			isa = PBXSourcesBuildPhase;
			buildActionMask = 2147483647;
			files = (
				0E46AD927EC2465197CBE2A2 /* AppDelegate.swift in Sources */,
				219046327A4655B5612A614D /* SceneDelegate.swift in Sources */,
				55D4647362B76450591251A6 /* ChillComparison.swift in Sources */,
				920BB7476374986C57172B0B /* MainSection.swift in Sources */,
				F55544B9F61CD71F25A0918E /* PreferredUnits.swift in Sources */,
				16648154A78413E3B96910C9 /* WindChillEntry.swift in Sources */,
				C01327B2440E5A83850C5A92 /* ChillStore.swift in Sources */,
				EEF7721EA737CD46D2C73D1B /* DefaultsKeys.swift in Sources */,
				DB3DDFD32FC7675B929FC1C0 /* Palette.swift in Sources */,
				0E35F6C27EE920341EBEB406 /* ThemeMetrics.swift in Sources */,
				BE5E4842D8D5A739013DE1B8 /* AppLinks.swift in Sources */,
				9A46FB8EE911857E9B8C064F /* ClothingAdvice.swift in Sources */,
				F333AE6B02BA80FE991A13A5 /* DateStamp.swift in Sources */,
				37E1AB64A5CED01DCB6DADEA /* InputLimits.swift in Sources */,
				6B4B79DF54C625410A1E4160 /* RatePrompt.swift in Sources */,
				A30AB00A3F1062564FDA9E78 /* SafeParse.swift in Sources */,
				B4C8EF2E3FADBA926EB22B28 /* UnitBridge.swift in Sources */,
				F40F91E2B0301B29456085EA /* WindChillMath.swift in Sources */,
				8E97A45EDB46EE1378090A96 /* ChillGaugeView.swift in Sources */,
				119FAAD3D0EBC793F75AD53D /* MeasureInputPanel.swift in Sources */,
				4368050258E51835F74E1A9E /* MeasureView.swift in Sources */,
				5554D08EBA1779A8AE1D52B9 /* RecentTickStrip.swift in Sources */,
				E569F91154B48763A5B3FCE5 /* ContrastResultPanel.swift in Sources */,
				455D481F27E908B10F0926BE /* ContrastView.swift in Sources */,
				2FFC186FDA5EA4AF22B7A2D2 /* EntryPickerSheet.swift in Sources */,
				CCFC4CBB72795FC632E859A2 /* BrassAction.swift in Sources */,
				DF3A051821EE72F84DDC4D15 /* DialField.swift in Sources */,
				23707E31C24BD48A7FE71E75 /* ExtremeWarningCard.swift in Sources */,
				6456E42F18DFB69477F96F48 /* InstrumentPlate.swift in Sources */,
				F5BF3DCFB541E9DD45EC4471 /* RidgeBackdrop.swift in Sources */,
				F7D6F3815E1A95FBE549895A /* SegmentRail.swift in Sources */,
				6B555659C0CBBBCBB5420100 /* TrailBanner.swift in Sources */,
				40BE12F34267923B753C5740 /* ContentView.swift in Sources */,
				C64B1E4862C2ABF0464CE673 /* LogEditSheet.swift in Sources */,
				84933CD73CFDD4DA35D7341F /* LogEntryRow.swift in Sources */,
				6487A7B1AE9E4551674BA1E0 /* LogView.swift in Sources */,
				47D58ABBEB19828C232B4E2B /* SettingsView.swift in Sources */,
				7C18E4A91F2B4D6E8A0C1D40 /* KeyboardDismiss.swift in Sources */,
				C7B90E24A1D56F83C2E4B01A /* StatsView.swift in Sources */,
				B5D92F18C3EA507B2F6D4C01 /* FieldOptions.swift in Sources */,
				D7F14B3AE506729D4B8F6E23 /* FrostbiteRisk.swift in Sources */,
				A1LIVEWEATHER000000000001 /* LiveWeatherService.swift in Sources */,
				A1CHILLNOTIFY000000000001 /* ChillNotificationCenter.swift in Sources */,
				A1ONBOARDVIEW000000000001 /* OnboardingView.swift in Sources */,
				A1LIVEWCARD00000000000001 /* LiveWeatherCard.swift in Sources */,
				A1EXPTIMER000000000000001 /* ExposureTimerCard.swift in Sources */,
				A1TRIPSHARE00000000000001 /* TripShareCard.swift in Sources */,
			);
			runOnlyForDeploymentPostprocessing = 0;
		};
/* End PBXSourcesBuildPhase section */

/* Begin XCBuildConfiguration section */
		3C34EF4BB6E2F318FED9A108 /* Debug */ = {
			isa = XCBuildConfiguration;
			buildSettings = {
				ASSETCATALOG_COMPILER_APPICON_NAME = AppIcon;
				ASSETCATALOG_COMPILER_GLOBAL_ACCENT_COLOR_NAME = AccentColor;
				CODE_SIGN_STYLE = Automatic;
				CURRENT_PROJECT_VERSION = 1;
				GENERATE_INFOPLIST_FILE = YES;
				INFOPLIST_FILE = 349NexaviewWeatherGuide/App/Info.plist;
				INFOPLIST_KEY_CFBundleDisplayName = "Nexaview Weather Guide";
				INFOPLIST_KEY_NSLocationWhenInUseUsageDescription = "Location is used only to fetch nearby air temperature and wind from Open-Meteo so you can compare live conditions with your manual chill check.";
				INFOPLIST_KEY_UIApplicationSupportsIndirectInputEvents = YES;
				INFOPLIST_KEY_UILaunchStoryboardName = LaunchScreen;
				INFOPLIST_KEY_UISupportedInterfaceOrientations = "UIInterfaceOrientationLandscapeLeft UIInterfaceOrientationLandscapeRight UIInterfaceOrientationPortrait";
				INFOPLIST_KEY_UISupportedInterfaceOrientations_iPad = UIInterfaceOrientationPortrait;
				LD_RUNPATH_SEARCH_PATHS = (
					"$(inherited)",
					"@executable_path/Frameworks",
				);
				MARKETING_VERSION = 1.0.1;
				PRODUCT_BUNDLE_IDENTIFIER = com.ano.n3x1v83ww37th2r;
				PRODUCT_NAME = "$(TARGET_NAME)";
				SUPPORTED_PLATFORMS = "iphoneos iphonesimulator";
				SUPPORTS_MACCATALYST = NO;
				SUPPORTS_MAC_DESIGNED_FOR_IPHONE_IPAD = NO;
				SUPPORTS_XR_DESIGNED_FOR_IPHONE_IPAD = NO;
				SWIFT_EMIT_LOC_STRINGS = YES;
				SWIFT_VERSION = 5.0;
				TARGETED_DEVICE_FAMILY = 1;
			};
			name = Debug;
		};
		4A17D3033092E0E06FE1258B /* Release */ = {
			isa = XCBuildConfiguration;
			buildSettings = {
				ALWAYS_SEARCH_USER_PATHS = NO;
				CLANG_ANALYZER_NONNULL = YES;
				CLANG_ANALYZER_NUMBER_OBJECT_CONVERSION = YES_AGGRESSIVE;
				CLANG_CXX_LANGUAGE_STANDARD = "gnu++20";
				CLANG_ENABLE_MODULES = YES;
				CLANG_ENABLE_OBJC_ARC = YES;
				CLANG_ENABLE_OBJC_WEAK = YES;
				CLANG_WARN_BLOCK_CAPTURE_AUTORELEASING = YES;
				CLANG_WARN_BOOL_CONVERSION = YES;
				CLANG_WARN_COMMA = YES;
				CLANG_WARN_CONSTANT_CONVERSION = YES;
				CLANG_WARN_DEPRECATED_OBJC_IMPLEMENTATIONS = YES;
				CLANG_WARN_DIRECT_OBJC_ISA_USAGE = YES_ERROR;
				CLANG_WARN_DOCUMENTATION_COMMENTS = YES;
				CLANG_WARN_EMPTY_BODY = YES;
				CLANG_WARN_ENUM_CONVERSION = YES;
				CLANG_WARN_INFINITE_RECURSION = YES;
				CLANG_WARN_INT_CONVERSION = YES;
				CLANG_WARN_NON_LITERAL_NULL_CONVERSION = YES;
				CLANG_WARN_OBJC_IMPLICIT_RETAIN_SELF = YES;
				CLANG_WARN_OBJC_LITERAL_CONVERSION = YES;
				CLANG_WARN_OBJC_ROOT_CLASS = YES_ERROR;
				CLANG_WARN_QUOTED_INCLUDE_IN_FRAMEWORK_HEADER = YES;
				CLANG_WARN_RANGE_LOOP_ANALYSIS = YES;
				CLANG_WARN_STRICT_PROTOTYPES = YES;
				CLANG_WARN_SUSPICIOUS_MOVE = YES;
				CLANG_WARN_UNGUARDED_AVAILABILITY = YES_AGGRESSIVE;
				CLANG_WARN_UNREACHABLE_CODE = YES;
				CLANG_WARN__DUPLICATE_METHOD_MATCH = YES;
				COPY_PHASE_STRIP = NO;
				DEBUG_INFORMATION_FORMAT = "dwarf-with-dsym";
				ENABLE_NS_ASSERTIONS = NO;
				ENABLE_STRICT_OBJC_MSGSEND = YES;
				GCC_C_LANGUAGE_STANDARD = gnu17;
				GCC_DYNAMIC_NO_PIC = NO;
				GCC_NO_COMMON_BLOCKS = YES;
				GCC_WARN_64_TO_32_BIT_CONVERSION = YES;
				GCC_WARN_ABOUT_RETURN_TYPE = YES_ERROR;
				GCC_WARN_UNDECLARED_SELECTOR = YES;
				GCC_WARN_UNINITIALIZED_AUTOS = YES_AGGRESSIVE;
				GCC_WARN_UNUSED_FUNCTION = YES;
				GCC_WARN_UNUSED_VARIABLE = YES;
				IPHONEOS_DEPLOYMENT_TARGET = 16.0;
				MTL_ENABLE_DEBUG_INFO = NO;
				SDKROOT = iphoneos;
				SWIFT_COMPILATION_MODE = wholemodule;
				SWIFT_OPTIMIZATION_LEVEL = "-O";
				VALIDATE_PRODUCT = YES;
			};
			name = Release;
		};
		55FA1515C3B6B6F47E1F1E3F /* Release */ = {
			isa = XCBuildConfiguration;
			buildSettings = {
				ASSETCATALOG_COMPILER_APPICON_NAME = AppIcon;
				ASSETCATALOG_COMPILER_GLOBAL_ACCENT_COLOR_NAME = AccentColor;
				CODE_SIGN_STYLE = Automatic;
				CURRENT_PROJECT_VERSION = 1;
				GENERATE_INFOPLIST_FILE = YES;
				INFOPLIST_FILE = 349NexaviewWeatherGuide/App/Info.plist;
				INFOPLIST_KEY_CFBundleDisplayName = "Nexaview Weather Guide";
				INFOPLIST_KEY_NSLocationWhenInUseUsageDescription = "Location is used only to fetch nearby air temperature and wind from Open-Meteo so you can compare live conditions with your manual chill check.";
				INFOPLIST_KEY_UIApplicationSupportsIndirectInputEvents = YES;
				INFOPLIST_KEY_UILaunchStoryboardName = LaunchScreen;
				INFOPLIST_KEY_UISupportedInterfaceOrientations = "UIInterfaceOrientationLandscapeLeft UIInterfaceOrientationLandscapeRight UIInterfaceOrientationPortrait";
				INFOPLIST_KEY_UISupportedInterfaceOrientations_iPad = UIInterfaceOrientationPortrait;
				LD_RUNPATH_SEARCH_PATHS = (
					"$(inherited)",
					"@executable_path/Frameworks",
				);
				MARKETING_VERSION = 1.0.1;
				PRODUCT_BUNDLE_IDENTIFIER = com.ano.n3x1v83ww37th2r;
				PRODUCT_NAME = "$(TARGET_NAME)";
				SUPPORTED_PLATFORMS = "iphoneos iphonesimulator";
				SUPPORTS_MACCATALYST = NO;
				SUPPORTS_MAC_DESIGNED_FOR_IPHONE_IPAD = NO;
				SUPPORTS_XR_DESIGNED_FOR_IPHONE_IPAD = NO;
				SWIFT_EMIT_LOC_STRINGS = YES;
				SWIFT_VERSION = 5.0;
				TARGETED_DEVICE_FAMILY = 1;
			};
			name = Release;
		};
		95B8C40DAC8271852BB651C0 /* Debug */ = {
			isa = XCBuildConfiguration;
			buildSettings = {
				ALWAYS_SEARCH_USER_PATHS = NO;
				CLANG_ANALYZER_NONNULL = YES;
				CLANG_ANALYZER_NUMBER_OBJECT_CONVERSION = YES_AGGRESSIVE;
				CLANG_CXX_LANGUAGE_STANDARD = "gnu++20";
				CLANG_ENABLE_MODULES = YES;
				CLANG_ENABLE_OBJC_ARC = YES;
				CLANG_ENABLE_OBJC_WEAK = YES;
				CLANG_WARN_BLOCK_CAPTURE_AUTORELEASING = YES;
				CLANG_WARN_BOOL_CONVERSION = YES;
				CLANG_WARN_COMMA = YES;
				CLANG_WARN_CONSTANT_CONVERSION = YES;
				CLANG_WARN_DEPRECATED_OBJC_IMPLEMENTATIONS = YES;
				CLANG_WARN_DIRECT_OBJC_ISA_USAGE = YES_ERROR;
				CLANG_WARN_DOCUMENTATION_COMMENTS = YES;
				CLANG_WARN_EMPTY_BODY = YES;
				CLANG_WARN_ENUM_CONVERSION = YES;
				CLANG_WARN_INFINITE_RECURSION = YES;
				CLANG_WARN_INT_CONVERSION = YES;
				CLANG_WARN_NON_LITERAL_NULL_CONVERSION = YES;
				CLANG_WARN_OBJC_IMPLICIT_RETAIN_SELF = YES;
				CLANG_WARN_OBJC_LITERAL_CONVERSION = YES;
				CLANG_WARN_OBJC_ROOT_CLASS = YES_ERROR;
				CLANG_WARN_QUOTED_INCLUDE_IN_FRAMEWORK_HEADER = YES;
				CLANG_WARN_RANGE_LOOP_ANALYSIS = YES;
				CLANG_WARN_STRICT_PROTOTYPES = YES;
				CLANG_WARN_SUSPICIOUS_MOVE = YES;
				CLANG_WARN_UNGUARDED_AVAILABILITY = YES_AGGRESSIVE;
				CLANG_WARN_UNREACHABLE_CODE = YES;
				CLANG_WARN__DUPLICATE_METHOD_MATCH = YES;
				COPY_PHASE_STRIP = NO;
				DEBUG_INFORMATION_FORMAT = dwarf;
				ENABLE_STRICT_OBJC_MSGSEND = YES;
				ENABLE_TESTABILITY = YES;
				GCC_C_LANGUAGE_STANDARD = gnu17;
				GCC_DYNAMIC_NO_PIC = NO;
				GCC_NO_COMMON_BLOCKS = YES;
				GCC_WARN_64_TO_32_BIT_CONVERSION = YES;
				GCC_WARN_ABOUT_RETURN_TYPE = YES_ERROR;
				GCC_WARN_UNDECLARED_SELECTOR = YES;
				GCC_WARN_UNINITIALIZED_AUTOS = YES_AGGRESSIVE;
				GCC_WARN_UNUSED_FUNCTION = YES;
				GCC_WARN_UNUSED_VARIABLE = YES;
				IPHONEOS_DEPLOYMENT_TARGET = 16.0;
				MTL_ENABLE_DEBUG_INFO = INCLUDE_SOURCE;
				SDKROOT = iphoneos;
				SWIFT_ACTIVE_COMPILATION_CONDITIONS = "DEBUG $(inherited)";
				SWIFT_OPTIMIZATION_LEVEL = "-Onone";
			};
			name = Debug;
		};
/* End XCBuildConfiguration section */

/* Begin XCConfigurationList section */
		39DBEC78358C900AFCC4C4FB /* Build configuration list for PBXNativeTarget "349NexaviewWeatherGuide" */ = {
			isa = XCConfigurationList;
			buildConfigurations = (
				3C34EF4BB6E2F318FED9A108 /* Debug */,
				55FA1515C3B6B6F47E1F1E3F /* Release */,
			);
			defaultConfigurationIsVisible = 0;
			defaultConfigurationName = Release;
		};
		FD975B98000E6D9D44B49624 /* Build configuration list for PBXProject "349NexaviewWeatherGuide" */ = {
			isa = XCConfigurationList;
			buildConfigurations = (
				95B8C40DAC8271852BB651C0 /* Debug */,
				4A17D3033092E0E06FE1258B /* Release */,
			);
			defaultConfigurationIsVisible = 0;
			defaultConfigurationName = Release;
		};
/* End XCConfigurationList section */
	};
	rootObject = D771692A713218302BE58460 /* Project object */;
}
